
Microsoft Visual Studio Solution File, Format Version 12.00
# Visual Studio Version 17
VisualStudioVersion = 17.9.34902.65
MinimumVisualStudioVersion = 10.0.40219.1
Project("{FAE04EC0-301F-11D3-BF4B-00C04F79EFBC}") = "SRkMatchSimAPI", "SRkMatchSimAPI.csproj", "{A25496DE-53DD-4AB6-B163-C74185A58178}"
EndProject
Global
	GlobalSection(SolutionConfigurationPlatforms) = preSolution
		Debug|Any CPU = Debug|Any CPU
		Release|Any CPU = Release|Any CPU
	EndGlobalSection
	GlobalSection(ProjectConfigurationPlatforms) = postSolution
		{A25496DE-53DD-4AB6-B163-C74185A58178}.Debug|Any CPU.ActiveCfg = Debug|Any CPU
		{A25496DE-53DD-4AB6-B163-C74185A58178}.Debug|Any CPU.Build.0 = Debug|Any CPU
		{A25496DE-53DD-4AB6-B163-C74185A58178}.Release|Any CPU.ActiveCfg = Release|Any CPU
		{A25496DE-53DD-4AB6-B163-C74185A58178}.Release|Any CPU.Build.0 = Release|Any CPU
	EndGlobalSection
	GlobalSection(SolutionProperties) = preSolution
		HideSolutionNode = FALSE
	EndGlobalSection
	GlobalSection(ExtensibilityGlobals) = postSolution
		SolutionGuid = {10D16952-7F79-49B0-AED9-751289ADA7F5}
	EndGlobalSection
EndGlobal
